# This file is automatically @generated by Poetry 1.5.1 and should not be changed by hand.

[[package]]
name = "cfgv"
version = "3.4.0"
description = "Validate configuration and produce human readable error messages."
optional = false
python-versions = ">=3.8"
files = [
    {file = "cfgv-3.4.0-py2.py3-none-any.whl", hash = "sha256:b7265b1f29fd3316bfcd2b330d63d024f2bfd8bcb8b0272f8e19a504856c48f9"},
    {file = "cfgv-3.4.0.tar.gz", hash = "sha256:e52591d4c5f5dead8e0f673fb16db7949d2cfb3f7da4582893288f0ded8fe560"},
]

[[package]]
name = "distlib"
version = "0.3.7"
description = "Distribution utilities"
optional = false
python-versions = "*"
files = [
    {file = "distlib-0.3.7-py2.py3-none-any.whl", hash = "sha256:2e24928bc811348f0feb63014e97aaae3037f2cf48712d51ae61df7fd6075057"},
    {file = "distlib-0.3.7.tar.gz", hash = "sha256:9dafe54b34a028eafd95039d5e5d4851a13734540f1331060d31c9916e7147a8"},
]

[[package]]
name = "filelock"
version = "3.12.3"
description = "A platform independent file lock."
optional = false
python-versions = ">=3.8"
files = [
    {file = "filelock-3.12.3-py3-none-any.whl", hash = "sha256:f067e40ccc40f2b48395a80fcbd4728262fab54e232e090a4063ab804179efeb"},
    {file = "filelock-3.12.3.tar.gz", hash = "sha256:0ecc1dd2ec4672a10c8550a8182f1bd0c0a5088470ecd5a125e45f49472fac3d"},
]

[package.extras]
docs = ["furo (>=2023.7.26)", "sphinx (>=7.1.2)", "sphinx-autodoc-typehints (>=1.24)"]
testing = ["covdefaults (>=2.3)", "coverage (>=7.3)", "diff-cover (>=7.7)", "pytest (>=7.4)", "pytest-cov (>=4.1)", "pytest-mock (>=3.11.1)", "pytest-timeout (>=2.1)"]

[[package]]
name = "flake8"
version = "6.1.0"
description = "the modular source code checker: pep8 pyflakes and co"
optional = false
python-versions = ">=3.8.1"
files = [
    {file = "flake8-6.1.0-py2.py3-none-any.whl", hash = "sha256:ffdfce58ea94c6580c77888a86506937f9a1a227dfcd15f245d694ae20a6b6e5"},
    {file = "flake8-6.1.0.tar.gz", hash = "sha256:d5b3857f07c030bdb5bf41c7f53799571d75c4491748a3adcd47de929e34cd23"},
]

[package.dependencies]
mccabe = ">=0.7.0,<0.8.0"
pycodestyle = ">=2.11.0,<2.12.0"
pyflakes = ">=3.1.0,<3.2.0"

[[package]]
name = "flake8-docstrings"
version = "1.7.0"
description = "Extension for flake8 which uses pydocstyle to check docstrings"
optional = false
python-versions = ">=3.7"
files = [
    {file = "flake8_docstrings-1.7.0-py2.py3-none-any.whl", hash = "sha256:51f2344026da083fc084166a9353f5082b01f72901df422f74b4d953ae88ac75"},
    {file = "flake8_docstrings-1.7.0.tar.gz", hash = "sha256:4c8cc748dc16e6869728699e5d0d685da9a10b0ea718e090b1ba088e67a941af"},
]

[package.dependencies]
flake8 = ">=3"
pydocstyle = ">=2.1"

[[package]]
name = "identify"
version = "2.5.27"
description = "File identification library for Python"
optional = false
python-versions = ">=3.8"
files = [
    {file = "identify-2.5.27-py2.py3-none-any.whl", hash = "sha256:fdb527b2dfe24602809b2201e033c2a113d7bdf716db3ca8e3243f735dcecaba"},
    {file = "identify-2.5.27.tar.gz", hash = "sha256:287b75b04a0e22d727bc9a41f0d4f3c1bcada97490fa6eabb5b28f0e9097e733"},
]

[package.extras]
license = ["ukkonen"]

[[package]]
name = "isort"
version = "5.12.0"
description = "A Python utility / library to sort Python imports."
optional = false
python-versions = ">=3.8.0"
files = [
    {file = "isort-5.12.0-py3-none-any.whl", hash = "sha256:f84c2818376e66cf843d497486ea8fed8700b340f308f076c6fb1229dff318b6"},
    {file = "isort-5.12.0.tar.gz", hash = "sha256:8bef7dde241278824a6d83f44a544709b065191b95b6e50894bdc722fcba0504"},
]

[package.extras]
colors = ["colorama (>=0.4.3)"]
pipfile-deprecated-finder = ["pip-shims (>=0.5.2)", "pipreqs", "requirementslib"]
plugins = ["setuptools"]
requirements-deprecated-finder = ["pip-api", "pipreqs"]

[[package]]
name = "mccabe"
version = "0.7.0"
description = "McCabe checker, plugin for flake8"
optional = false
python-versions = ">=3.6"
files = [
    {file = "mccabe-0.7.0-py2.py3-none-any.whl", hash = "sha256:6c2d30ab6be0e4a46919781807b4f0d834ebdd6c6e3dca0bda5a15f863427b6e"},
    {file = "mccabe-0.7.0.tar.gz", hash = "sha256:348e0240c33b60bbdf4e523192ef919f28cb2c3d7d5c7794f74009290f236325"},
]

[[package]]
name = "nodeenv"
version = "1.8.0"
description = "Node.js virtual environment builder"
optional = false
python-versions = ">=2.7,!=3.0.*,!=3.1.*,!=3.2.*,!=3.3.*,!=3.4.*,!=3.5.*,!=3.6.*"
files = [
    {file = "nodeenv-1.8.0-py2.py3-none-any.whl", hash = "sha256:df865724bb3c3adc86b3876fa209771517b0cfe596beff01a92700e0e8be4cec"},
    {file = "nodeenv-1.8.0.tar.gz", hash = "sha256:d51e0c37e64fbf47d017feac3145cdbb58836d7eee8c6f6d3b6880c5456227d2"},
]

[package.dependencies]
setuptools = "*"

[[package]]
name = "numpy"
version = "1.25.2"
description = "Fundamental package for array computing in Python"
optional = false
python-versions = ">=3.9"
files = [
    {file = "numpy-1.25.2-cp310-cp310-macosx_10_9_x86_64.whl", hash = "sha256:db3ccc4e37a6873045580d413fe79b68e47a681af8db2e046f1dacfa11f86eb3"},
    {file = "numpy-1.25.2-cp310-cp310-macosx_11_0_arm64.whl", hash = "sha256:90319e4f002795ccfc9050110bbbaa16c944b1c37c0baeea43c5fb881693ae1f"},
    {file = "numpy-1.25.2-cp310-cp310-manylinux_2_17_aarch64.manylinux2014_aarch64.whl", hash = "sha256:dfe4a913e29b418d096e696ddd422d8a5d13ffba4ea91f9f60440a3b759b0187"},
    {file = "numpy-1.25.2-cp310-cp310-manylinux_2_17_x86_64.manylinux2014_x86_64.whl", hash = "sha256:f08f2e037bba04e707eebf4bc934f1972a315c883a9e0ebfa8a7756eabf9e357"},
    {file = "numpy-1.25.2-cp310-cp310-musllinux_1_1_x86_64.whl", hash = "sha256:bec1e7213c7cb00d67093247f8c4db156fd03075f49876957dca4711306d39c9"},
    {file = "numpy-1.25.2-cp310-cp310-win32.whl", hash = "sha256:7dc869c0c75988e1c693d0e2d5b26034644399dd929bc049db55395b1379e044"},
    {file = "numpy-1.25.2-cp310-cp310-win_amd64.whl", hash = "sha256:834b386f2b8210dca38c71a6e0f4fd6922f7d3fcff935dbe3a570945acb1b545"},
    {file = "numpy-1.25.2-cp311-cp311-macosx_10_9_x86_64.whl", hash = "sha256:c5462d19336db4560041517dbb7759c21d181a67cb01b36ca109b2ae37d32418"},
    {file = "numpy-1.25.2-cp311-cp311-macosx_11_0_arm64.whl", hash = "sha256:c5652ea24d33585ea39eb6a6a15dac87a1206a692719ff45d53c5282e66d4a8f"},
    {file = "numpy-1.25.2-cp311-cp311-manylinux_2_17_aarch64.manylinux2014_aarch64.whl", hash = "sha256:0d60fbae8e0019865fc4784745814cff1c421df5afee233db6d88ab4f14655a2"},
    {file = "numpy-1.25.2-cp311-cp311-manylinux_2_17_x86_64.manylinux2014_x86_64.whl", hash = "sha256:60e7f0f7f6d0eee8364b9a6304c2845b9c491ac706048c7e8cf47b83123b8dbf"},
    {file = "numpy-1.25.2-cp311-cp311-musllinux_1_1_x86_64.whl", hash = "sha256:bb33d5a1cf360304754913a350edda36d5b8c5331a8237268c48f91253c3a364"},
    {file = "numpy-1.25.2-cp311-cp311-win32.whl", hash = "sha256:5883c06bb92f2e6c8181df7b39971a5fb436288db58b5a1c3967702d4278691d"},
    {file = "numpy-1.25.2-cp311-cp311-win_amd64.whl", hash = "sha256:5c97325a0ba6f9d041feb9390924614b60b99209a71a69c876f71052521d42a4"},
    {file = "numpy-1.25.2-cp39-cp39-macosx_10_9_x86_64.whl", hash = "sha256:b79e513d7aac42ae918db3ad1341a015488530d0bb2a6abcbdd10a3a829ccfd3"},
    {file = "numpy-1.25.2-cp39-cp39-macosx_11_0_arm64.whl", hash = "sha256:eb942bfb6f84df5ce05dbf4b46673ffed0d3da59f13635ea9b926af3deb76926"},
    {file = "numpy-1.25.2-cp39-cp39-manylinux_2_17_aarch64.manylinux2014_aarch64.whl", hash = "sha256:3e0746410e73384e70d286f93abf2520035250aad8c5714240b0492a7302fdca"},
    {file = "numpy-1.25.2-cp39-cp39-manylinux_2_17_x86_64.manylinux2014_x86_64.whl", hash = "sha256:d7806500e4f5bdd04095e849265e55de20d8cc4b661b038957354327f6d9b295"},
    {file = "numpy-1.25.2-cp39-cp39-musllinux_1_1_x86_64.whl", hash = "sha256:8b77775f4b7df768967a7c8b3567e309f617dd5e99aeb886fa14dc1a0791141f"},
    {file = "numpy-1.25.2-cp39-cp39-win32.whl", hash = "sha256:2792d23d62ec51e50ce4d4b7d73de8f67a2fd3ea710dcbc8563a51a03fb07b01"},
    {file = "numpy-1.25.2-cp39-cp39-win_amd64.whl", hash = "sha256:76b4115d42a7dfc5d485d358728cdd8719be33cc5ec6ec08632a5d6fca2ed380"},
    {file = "numpy-1.25.2-pp39-pypy39_pp73-macosx_10_9_x86_64.whl", hash = "sha256:1a1329e26f46230bf77b02cc19e900db9b52f398d6722ca853349a782d4cff55"},
    {file = "numpy-1.25.2-pp39-pypy39_pp73-manylinux_2_17_x86_64.manylinux2014_x86_64.whl", hash = "sha256:4c3abc71e8b6edba80a01a52e66d83c5d14433cbcd26a40c329ec7ed09f37901"},
    {file = "numpy-1.25.2-pp39-pypy39_pp73-win_amd64.whl", hash = "sha256:1b9735c27cea5d995496f46a8b1cd7b408b3f34b6d50459d9ac8fe3a20cc17bf"},
    {file = "numpy-1.25.2.tar.gz", hash = "sha256:fd608e19c8d7c55021dffd43bfe5492fab8cc105cc8986f813f8c3c048b38760"},
]

[[package]]
name = "platformdirs"
version = "3.10.0"
description = "A small Python package for determining appropriate platform-specific dirs, e.g. a \"user data dir\"."
optional = false
python-versions = ">=3.7"
files = [
    {file = "platformdirs-3.10.0-py3-none-any.whl", hash = "sha256:d7c24979f292f916dc9cbf8648319032f551ea8c49a4c9bf2fb556a02070ec1d"},
    {file = "platformdirs-3.10.0.tar.gz", hash = "sha256:b45696dab2d7cc691a3226759c0d3b00c47c8b6e293d96f6436f733303f77f6d"},
]

[package.extras]
docs = ["furo (>=2023.7.26)", "proselint (>=0.13)", "sphinx (>=7.1.1)", "sphinx-autodoc-typehints (>=1.24)"]
test = ["appdirs (==1.4.4)", "covdefaults (>=2.3)", "pytest (>=7.4)", "pytest-cov (>=4.1)", "pytest-mock (>=3.11.1)"]

[[package]]
name = "pre-commit"
version = "3.3.3"
description = "A framework for managing and maintaining multi-language pre-commit hooks."
optional = false
python-versions = ">=3.8"
files = [
    {file = "pre_commit-3.3.3-py2.py3-none-any.whl", hash = "sha256:10badb65d6a38caff29703362271d7dca483d01da88f9d7e05d0b97171c136cb"},
    {file = "pre_commit-3.3.3.tar.gz", hash = "sha256:a2256f489cd913d575c145132ae196fe335da32d91a8294b7afe6622335dd023"},
]

[package.dependencies]
cfgv = ">=2.0.0"
identify = ">=1.0.0"
nodeenv = ">=0.11.1"
pyyaml = ">=5.1"
virtualenv = ">=20.10.0"

[[package]]
name = "pycodestyle"
version = "2.11.0"
description = "Python style guide checker"
optional = false
python-versions = ">=3.8"
files = [
    {file = "pycodestyle-2.11.0-py2.py3-none-any.whl", hash = "sha256:5d1013ba8dc7895b548be5afb05740ca82454fd899971563d2ef625d090326f8"},
    {file = "pycodestyle-2.11.0.tar.gz", hash = "sha256:259bcc17857d8a8b3b4a2327324b79e5f020a13c16074670f9c8c8f872ea76d0"},
]

[[package]]
name = "pydocstyle"
version = "6.3.0"
description = "Python docstring style checker"
optional = false
python-versions = ">=3.6"
files = [
    {file = "pydocstyle-6.3.0-py3-none-any.whl", hash = "sha256:118762d452a49d6b05e194ef344a55822987a462831ade91ec5c06fd2169d019"},
    {file = "pydocstyle-6.3.0.tar.gz", hash = "sha256:7ce43f0c0ac87b07494eb9c0b462c0b73e6ff276807f204d6b53edc72b7e44e1"},
]

[package.dependencies]
snowballstemmer = ">=2.2.0"

[package.extras]
toml = ["tomli (>=1.2.3)"]

[[package]]
name = "pyflakes"
version = "3.1.0"
description = "passive checker of Python programs"
optional = false
python-versions = ">=3.8"
files = [
    {file = "pyflakes-3.1.0-py2.py3-none-any.whl", hash = "sha256:4132f6d49cb4dae6819e5379898f2b8cce3c5f23994194c24b77d5da2e36f774"},
    {file = "pyflakes-3.1.0.tar.gz", hash = "sha256:a0aae034c444db0071aa077972ba4768d40c830d9539fd45bf4cd3f8f6992efc"},
]

[[package]]
name = "pygame"
version = "2.5.1"
description = "Python Game Development"
optional = false
python-versions = ">=3.6"
files = [
    {file = "pygame-2.5.1-cp310-cp310-macosx_10_9_x86_64.whl", hash = "sha256:afc3d7d125baba727785fd4a05b2a99a0ee1c0cff6db7321e65607a3f644724d"},
    {file = "pygame-2.5.1-cp310-cp310-macosx_11_0_arm64.whl", hash = "sha256:423168a16e89e02b4addfd3c2b68cfa9826bd675aa18141435de16da85143afe"},
    {file = "pygame-2.5.1-cp310-cp310-manylinux_2_17_aarch64.manylinux2014_aarch64.whl", hash = "sha256:8722cae725c49493603509087d5c4e6b9200993ab998663a553df3279237c52d"},
    {file = "pygame-2.5.1-cp310-cp310-manylinux_2_17_i686.manylinux2014_i686.whl", hash = "sha256:757f74c029c6d0fbed8f778034c7fa5be77f3d1cf217e9eda48d8508b7672d14"},
    {file = "pygame-2.5.1-cp310-cp310-manylinux_2_17_x86_64.manylinux2014_x86_64.whl", hash = "sha256:f597d1c57d4297b518865d95539fa70decbba77809bda66278baf0df98b6e2cf"},
    {file = "pygame-2.5.1-cp310-cp310-win32.whl", hash = "sha256:65d1983837fd1f8a9fee3576500e666fcdd4efb20c4b8d0edab2ff6921c67aa8"},
    {file = "pygame-2.5.1-cp310-cp310-win_amd64.whl", hash = "sha256:30fe97290f0fcc6a6f45a939a95ae44477a9b36cd89f93a7435bdad6d6a2bedd"},
    {file = "pygame-2.5.1-cp311-cp311-macosx_10_9_x86_64.whl", hash = "sha256:8fbf01919feea464b57b505973f68386d73d2cd08cf52078c578e3bffcf03c84"},
    {file = "pygame-2.5.1-cp311-cp311-macosx_11_0_arm64.whl", hash = "sha256:f0b237cee5147f95bcbc98d8c1f13da4a6a637256a274021313db6a11ab8cebf"},
    {file = "pygame-2.5.1-cp311-cp311-manylinux_2_17_aarch64.manylinux2014_aarch64.whl", hash = "sha256:57bf8237fa2dcc16ddb4cd2eddaa52009e6c84f219c051b118d8863ea7f05433"},
    {file = "pygame-2.5.1-cp311-cp311-manylinux_2_17_i686.manylinux2014_i686.whl", hash = "sha256:93de41a54909f5622f01671d04e22c4dbc889ae8c3d1b1ee1b25d4e83077683f"},
    {file = "pygame-2.5.1-cp311-cp311-manylinux_2_17_x86_64.manylinux2014_x86_64.whl", hash = "sha256:6621baf985d8aec2b1089d86dcbf7b53ed1b235d9b372b1083e385f8d6ef9ee1"},
    {file = "pygame-2.5.1-cp311-cp311-win32.whl", hash = "sha256:1f90e3e6677cfc56bb04b13fb6c6e61e5f24d9373b27d33942ba7e4da0255c8d"},
    {file = "pygame-2.5.1-cp311-cp311-win_amd64.whl", hash = "sha256:b06122f17e5c6ec7316c454613a34d697abfed94ed1029f26b804d20ef6ba550"},
    {file = "pygame-2.5.1-cp312-cp312-manylinux_2_17_aarch64.manylinux2014_aarch64.whl", hash = "sha256:63f7b0cd0ea631161b72056ce6d8ee0eb6af809e1a1f96c5fd338ec8b7e9eb33"},
    {file = "pygame-2.5.1-cp312-cp312-manylinux_2_17_i686.manylinux2014_i686.whl", hash = "sha256:3b0ab1e29459f5e6d88c3c586f59113172846f8800f0a166d1605a0f459f8242"},
    {file = "pygame-2.5.1-cp312-cp312-manylinux_2_17_x86_64.manylinux2014_x86_64.whl", hash = "sha256:d9c01780e8a11047c0a9f9b09db023d736c2221a292f2542b398f78a0bf15f32"},
    {file = "pygame-2.5.1-cp312-cp312-win32.whl", hash = "sha256:643a0556b563a9ae9448ffdec459bb84d200be666e4fd197d68be15b6c2b4826"},
    {file = "pygame-2.5.1-cp312-cp312-win_amd64.whl", hash = "sha256:2cb3d56f34147c4c6653c4dac8d58e0791a298abff762aab147679e6935e6cd0"},
    {file = "pygame-2.5.1-cp36-cp36m-macosx_10_9_x86_64.whl", hash = "sha256:2377534fe2947ae6eaec1b7469f438ae4e4f3ff22c67b80e0c580215a52654ce"},
    {file = "pygame-2.5.1-cp36-cp36m-manylinux_2_17_aarch64.manylinux2014_aarch64.whl", hash = "sha256:88d2a8880200035017696783475b6f32b0e551fbb23a52f0223264b24d680949"},
    {file = "pygame-2.5.1-cp36-cp36m-manylinux_2_17_i686.manylinux2014_i686.whl", hash = "sha256:48c6064bc879ef092194cf21ba25433500a0f8006979ef9ae145081ed1767de7"},
    {file = "pygame-2.5.1-cp36-cp36m-manylinux_2_17_x86_64.manylinux2014_x86_64.whl", hash = "sha256:f983d62e659e7b2644605b690e2b72683b2d0d1124f09274ffa2cc8658648546"},
    {file = "pygame-2.5.1-cp36-cp36m-win32.whl", hash = "sha256:57c361a402db63224160082451721caafc138e6e27aba5f30f9268672fb8f3d1"},
    {file = "pygame-2.5.1-cp36-cp36m-win_amd64.whl", hash = "sha256:cbcd03784a1858c2c5b91b6ba65c1905b9e30a2e150759f5a54af3241e008fbc"},
    {file = "pygame-2.5.1-cp37-cp37m-macosx_10_9_x86_64.whl", hash = "sha256:be1ec9bf870d155b978811d115363c89eb10418c78295bb58b7bbd4e679d0010"},
    {file = "pygame-2.5.1-cp37-cp37m-manylinux_2_17_aarch64.manylinux2014_aarch64.whl", hash = "sha256:c1b2d1fcb51e60ecacd18f2a03f2a6023453ab64298fd4f54d8c50a5b2a13bff"},
    {file = "pygame-2.5.1-cp37-cp37m-manylinux_2_17_i686.manylinux2014_i686.whl", hash = "sha256:9212522069fca25cadf3a8044383d01f5451833b66f950cb9bc6d49406f88cee"},
    {file = "pygame-2.5.1-cp37-cp37m-manylinux_2_17_x86_64.manylinux2014_x86_64.whl", hash = "sha256:4276c2688b11e098bb3732e7e243f522a58d0cd662bc72008727fc7671277771"},
    {file = "pygame-2.5.1-cp37-cp37m-win32.whl", hash = "sha256:9463b7c80994eabcb6f9460a7859241fe030c6654d041a2f26ce12366ae202f3"},
    {file = "pygame-2.5.1-cp37-cp37m-win_amd64.whl", hash = "sha256:11cb40204cad95b7c23aee32bac048a531e3528a6f12dd3601504ec0b6000c06"},
    {file = "pygame-2.5.1-cp38-cp38-macosx_10_9_x86_64.whl", hash = "sha256:426897ec90e91a05c3d41c44875793568d4b20065f086ac476729a9e557e8976"},
    {file = "pygame-2.5.1-cp38-cp38-macosx_11_0_arm64.whl", hash = "sha256:184d8e3b025ca6cbd199235faece6a7b911725566f40c71e0773058f1e189da2"},
    {file = "pygame-2.5.1-cp38-cp38-manylinux_2_17_aarch64.manylinux2014_aarch64.whl", hash = "sha256:0b378ba0756173e9dc8cd7e0c40cb6ba217b122a6bef2ce3479293d543cc9777"},
    {file = "pygame-2.5.1-cp38-cp38-manylinux_2_17_i686.manylinux2014_i686.whl", hash = "sha256:62f09b59b9702ccf9d7a6e7c6ebb1fca5f0072c30e99b4f786c5478876433f0c"},
    {file = "pygame-2.5.1-cp38-cp38-manylinux_2_17_x86_64.manylinux2014_x86_64.whl", hash = "sha256:cbcc7284369118299ce935062ef0c79d67503ad3b86bd6b02a29211279a46244"},
    {file = "pygame-2.5.1-cp38-cp38-win32.whl", hash = "sha256:3df49bb58dcd70ed76e8da0e936a267c57245e5b057ceeaa9070340d7d49162a"},
    {file = "pygame-2.5.1-cp38-cp38-win_amd64.whl", hash = "sha256:4c410bd1d0807820fef48f15452366d0ef100d966323835ced818f7833d16a5a"},
    {file = "pygame-2.5.1-cp39-cp39-macosx_10_9_x86_64.whl", hash = "sha256:06c0a4f415dffa0b9d9099ee01647b1d6794f6a96b2b909997e05acff85e745c"},
    {file = "pygame-2.5.1-cp39-cp39-macosx_11_0_arm64.whl", hash = "sha256:a0eb2cae526a39a8e213477ce6d4947d7b7fb50757fbdb0275c9e3ee1bca22df"},
    {file = "pygame-2.5.1-cp39-cp39-manylinux_2_17_aarch64.manylinux2014_aarch64.whl", hash = "sha256:5a232083d54c5936f40cb493d9cced38702a03dd7918fefd9a6b6522875714e5"},
    {file = "pygame-2.5.1-cp39-cp39-manylinux_2_17_i686.manylinux2014_i686.whl", hash = "sha256:e234c4d58b76dfc0d32b337e46e2191fa4dad7b3b0c7110d5c97076f1bf8cbd4"},
    {file = "pygame-2.5.1-cp39-cp39-manylinux_2_17_x86_64.manylinux2014_x86_64.whl", hash = "sha256:8e9816fa15aea99b6ea2e0b88ba07e83cc19a152c3724016d323823e6e713454"},
    {file = "pygame-2.5.1-cp39-cp39-win32.whl", hash = "sha256:7613ccb5c1800234c7e2d090f5f0be9d72f5fd76e49acc458bcc33797ab0de97"},
    {file = "pygame-2.5.1-cp39-cp39-win_amd64.whl", hash = "sha256:0618d8648e8d890a1bfc04a2ffd043a9b20dbc2e175d1347402e044729a5515b"},
    {file = "pygame-2.5.1-pp36-pypy36_pp73-win32.whl", hash = "sha256:ea3bce8488f2bdb83a874f7799e229be9e0a1b70d2cff9c47234c19a54ab868e"},
    {file = "pygame-2.5.1-pp37-pypy37_pp73-manylinux_2_17_i686.manylinux2014_i686.whl", hash = "sha256:581ef66dfbff883fc4a172f57395db4e8c97d3381860e81943261a5a5214fde7"},
    {file = "pygame-2.5.1-pp37-pypy37_pp73-manylinux_2_17_x86_64.manylinux2014_x86_64.whl", hash = "sha256:5e4bbe4b94cd0dbf592ee32be5561b0cad8327aff92c36e7a1a1372ed804229e"},
    {file = "pygame-2.5.1-pp38-pypy38_pp73-macosx_10_9_x86_64.whl", hash = "sha256:05b13f5994efd61c3de50ef0b5062fa3396e3fd851e99e215a7e3da78da49561"},
    {file = "pygame-2.5.1-pp38-pypy38_pp73-manylinux_2_17_i686.manylinux2014_i686.whl", hash = "sha256:e21a79fd5db155164ad3341f12c89e121ce53cb4ea1856527dfa9daeb3f6016d"},
    {file = "pygame-2.5.1-pp38-pypy38_pp73-manylinux_2_17_x86_64.manylinux2014_x86_64.whl", hash = "sha256:e8c5953767eb459d9a32ca52399c2f379af807a24e00163f1bcb1aacc1e81d59"},
    {file = "pygame-2.5.1-pp39-pypy39_pp73-macosx_10_9_x86_64.whl", hash = "sha256:84e4a4da14235d812b65081a87dbe89a4d45a101d06a4f33cf386be825e8797e"},
    {file = "pygame-2.5.1-pp39-pypy39_pp73-manylinux_2_17_i686.manylinux2014_i686.whl", hash = "sha256:5a78eb81082bf460249f0e7267db8d2f401f37f538b673125719be1db504584c"},
    {file = "pygame-2.5.1-pp39-pypy39_pp73-manylinux_2_17_x86_64.manylinux2014_x86_64.whl", hash = "sha256:cfb90539845885c4bb7861d6c7fe84ffb19de466b6d55fc39b707e8ea261ff93"},
    {file = "pygame-2.5.1.tar.gz", hash = "sha256:b7f88720be5c740576fd988dc0375328dc1adb070869654a245531e03df46262"},
]

[[package]]
name = "python-dotenv"
version = "1.0.0"
description = "Read key-value pairs from a .env file and set them as environment variables"
optional = false
python-versions = ">=3.8"
files = [
    {file = "python-dotenv-1.0.0.tar.gz", hash = "sha256:a8df96034aae6d2d50a4ebe8216326c61c3eb64836776504fcca410e5937a3ba"},
    {file = "python_dotenv-1.0.0-py3-none-any.whl", hash = "sha256:f5971a9226b701070a4bf2c38c89e5a3f0d64de8debda981d1db98583009122a"},
]

[package.extras]
cli = ["click (>=5.0)"]

[[package]]
name = "pyyaml"
version = "6.0.1"
description = "YAML parser and emitter for Python"
optional = false
python-versions = ">=3.6"
files = [
    {file = "PyYAML-6.0.1-cp310-cp310-macosx_10_9_x86_64.whl", hash = "sha256:d858aa552c999bc8a8d57426ed01e40bef403cd8ccdd0fc5f6f04a00414cac2a"},
    {file = "PyYAML-6.0.1-cp310-cp310-macosx_11_0_arm64.whl", hash = "sha256:fd66fc5d0da6d9815ba2cebeb4205f95818ff4b79c3ebe268e75d961704af52f"},
    {file = "PyYAML-6.0.1-cp310-cp310-manylinux_2_17_aarch64.manylinux2014_aarch64.whl", hash = "sha256:69b023b2b4daa7548bcfbd4aa3da05b3a74b772db9e23b982788168117739938"},
    {file = "PyYAML-6.0.1-cp310-cp310-manylinux_2_17_s390x.manylinux2014_s390x.whl", hash = "sha256:81e0b275a9ecc9c0c0c07b4b90ba548307583c125f54d5b6946cfee6360c733d"},
    {file = "PyYAML-6.0.1-cp310-cp310-manylinux_2_17_x86_64.manylinux2014_x86_64.whl", hash = "sha256:ba336e390cd8e4d1739f42dfe9bb83a3cc2e80f567d8805e11b46f4a943f5515"},
    {file = "PyYAML-6.0.1-cp310-cp310-win32.whl", hash = "sha256:bd4af7373a854424dabd882decdc5579653d7868b8fb26dc7d0e99f823aa5924"},
    {file = "PyYAML-6.0.1-cp310-cp310-win_amd64.whl", hash = "sha256:fd1592b3fdf65fff2ad0004b5e363300ef59ced41c2e6b3a99d4089fa8c5435d"},
    {file = "PyYAML-6.0.1-cp311-cp311-macosx_10_9_x86_64.whl", hash = "sha256:6965a7bc3cf88e5a1c3bd2e0b5c22f8d677dc88a455344035f03399034eb3007"},
    {file = "PyYAML-6.0.1-cp311-cp311-macosx_11_0_arm64.whl", hash = "sha256:f003ed9ad21d6a4713f0a9b5a7a0a79e08dd0f221aff4525a2be4c346ee60aab"},
    {file = "PyYAML-6.0.1-cp311-cp311-manylinux_2_17_aarch64.manylinux2014_aarch64.whl", hash = "sha256:42f8152b8dbc4fe7d96729ec2b99c7097d656dc1213a3229ca5383f973a5ed6d"},
    {file = "PyYAML-6.0.1-cp311-cp311-manylinux_2_17_s390x.manylinux2014_s390x.whl", hash = "sha256:062582fca9fabdd2c8b54a3ef1c978d786e0f6b3a1510e0ac93ef59e0ddae2bc"},
    {file = "PyYAML-6.0.1-cp311-cp311-manylinux_2_17_x86_64.manylinux2014_x86_64.whl", hash = "sha256:d2b04aac4d386b172d5b9692e2d2da8de7bfb6c387fa4f801fbf6fb2e6ba4673"},
    {file = "PyYAML-6.0.1-cp311-cp311-win32.whl", hash = "sha256:1635fd110e8d85d55237ab316b5b011de701ea0f29d07611174a1b42f1444741"},
    {file = "PyYAML-6.0.1-cp311-cp311-win_amd64.whl", hash = "sha256:bf07ee2fef7014951eeb99f56f39c9bb4af143d8aa3c21b1677805985307da34"},
    {file = "PyYAML-6.0.1-cp36-cp36m-macosx_10_9_x86_64.whl", hash = "sha256:50550eb667afee136e9a77d6dc71ae76a44df8b3e51e41b77f6de2932bfe0f47"},
    {file = "PyYAML-6.0.1-cp36-cp36m-manylinux_2_17_aarch64.manylinux2014_aarch64.whl", hash = "sha256:1fe35611261b29bd1de0070f0b2f47cb6ff71fa6595c077e42bd0c419fa27b98"},
    {file = "PyYAML-6.0.1-cp36-cp36m-manylinux_2_17_s390x.manylinux2014_s390x.whl", hash = "sha256:704219a11b772aea0d8ecd7058d0082713c3562b4e271b849ad7dc4a5c90c13c"},
    {file = "PyYAML-6.0.1-cp36-cp36m-manylinux_2_17_x86_64.manylinux2014_x86_64.whl", hash = "sha256:afd7e57eddb1a54f0f1a974bc4391af8bcce0b444685d936840f125cf046d5bd"},
    {file = "PyYAML-6.0.1-cp36-cp36m-win32.whl", hash = "sha256:fca0e3a251908a499833aa292323f32437106001d436eca0e6e7833256674585"},
    {file = "PyYAML-6.0.1-cp36-cp36m-win_amd64.whl", hash = "sha256:f22ac1c3cac4dbc50079e965eba2c1058622631e526bd9afd45fedd49ba781fa"},
    {file = "PyYAML-6.0.1-cp37-cp37m-macosx_10_9_x86_64.whl", hash = "sha256:b1275ad35a5d18c62a7220633c913e1b42d44b46ee12554e5fd39c70a243d6a3"},
    {file = "PyYAML-6.0.1-cp37-cp37m-manylinux_2_17_aarch64.manylinux2014_aarch64.whl", hash = "sha256:18aeb1bf9a78867dc38b259769503436b7c72f7a1f1f4c93ff9a17de54319b27"},
    {file = "PyYAML-6.0.1-cp37-cp37m-manylinux_2_17_s390x.manylinux2014_s390x.whl", hash = "sha256:596106435fa6ad000c2991a98fa58eeb8656ef2325d7e158344fb33864ed87e3"},
    {file = "PyYAML-6.0.1-cp37-cp37m-manylinux_2_17_x86_64.manylinux2014_x86_64.whl", hash = "sha256:baa90d3f661d43131ca170712d903e6295d1f7a0f595074f151c0aed377c9b9c"},
    {file = "PyYAML-6.0.1-cp37-cp37m-win32.whl", hash = "sha256:9046c58c4395dff28dd494285c82ba00b546adfc7ef001486fbf0324bc174fba"},
    {file = "PyYAML-6.0.1-cp37-cp37m-win_amd64.whl", hash = "sha256:4fb147e7a67ef577a588a0e2c17b6db51dda102c71de36f8549b6816a96e1867"},
    {file = "PyYAML-6.0.1-cp38-cp38-macosx_10_9_x86_64.whl", hash = "sha256:1d4c7e777c441b20e32f52bd377e0c409713e8bb1386e1099c2415f26e479595"},
    {file = "PyYAML-6.0.1-cp38-cp38-manylinux_2_17_aarch64.manylinux2014_aarch64.whl", hash = "sha256:a0cd17c15d3bb3fa06978b4e8958dcdc6e0174ccea823003a106c7d4d7899ac5"},
    {file = "PyYAML-6.0.1-cp38-cp38-manylinux_2_17_s390x.manylinux2014_s390x.whl", hash = "sha256:28c119d996beec18c05208a8bd78cbe4007878c6dd15091efb73a30e90539696"},
    {file = "PyYAML-6.0.1-cp38-cp38-manylinux_2_17_x86_64.manylinux2014_x86_64.whl", hash = "sha256:7e07cbde391ba96ab58e532ff4803f79c4129397514e1413a7dc761ccd755735"},
    {file = "PyYAML-6.0.1-cp38-cp38-win32.whl", hash = "sha256:184c5108a2aca3c5b3d3bf9395d50893a7ab82a38004c8f61c258d4428e80206"},
    {file = "PyYAML-6.0.1-cp38-cp38-win_amd64.whl", hash = "sha256:1e2722cc9fbb45d9b87631ac70924c11d3a401b2d7f410cc0e3bbf249f2dca62"},
    {file = "PyYAML-6.0.1-cp39-cp39-macosx_10_9_x86_64.whl", hash = "sha256:9eb6caa9a297fc2c2fb8862bc5370d0303ddba53ba97e71f08023b6cd73d16a8"},
    {file = "PyYAML-6.0.1-cp39-cp39-macosx_11_0_arm64.whl", hash = "sha256:c8098ddcc2a85b61647b2590f825f3db38891662cfc2fc776415143f599bb859"},
    {file = "PyYAML-6.0.1-cp39-cp39-manylinux_2_17_aarch64.manylinux2014_aarch64.whl", hash = "sha256:5773183b6446b2c99bb77e77595dd486303b4faab2b086e7b17bc6bef28865f6"},
    {file = "PyYAML-6.0.1-cp39-cp39-manylinux_2_17_s390x.manylinux2014_s390x.whl", hash = "sha256:b786eecbdf8499b9ca1d697215862083bd6d2a99965554781d0d8d1ad31e13a0"},
    {file = "PyYAML-6.0.1-cp39-cp39-manylinux_2_17_x86_64.manylinux2014_x86_64.whl", hash = "sha256:bc1bf2925a1ecd43da378f4db9e4f799775d6367bdb94671027b73b393a7c42c"},
    {file = "PyYAML-6.0.1-cp39-cp39-win32.whl", hash = "sha256:faca3bdcf85b2fc05d06ff3fbc1f83e1391b3e724afa3feba7d13eeab355484c"},
    {file = "PyYAML-6.0.1-cp39-cp39-win_amd64.whl", hash = "sha256:510c9deebc5c0225e8c96813043e62b680ba2f9c50a08d3724c7f28a747d1486"},
    {file = "PyYAML-6.0.1.tar.gz", hash = "sha256:bfdf460b1736c775f2ba9f6a92bca30bc2095067b8a9d77876d1fad6cc3b4a43"},
]

[[package]]
name = "setuptools"
version = "68.1.2"
description = "Easily download, build, install, upgrade, and uninstall Python packages"
optional = false
python-versions = ">=3.8"
files = [
    {file = "setuptools-68.1.2-py3-none-any.whl", hash = "sha256:3d8083eed2d13afc9426f227b24fd1659489ec107c0e86cec2ffdde5c92e790b"},
    {file = "setuptools-68.1.2.tar.gz", hash = "sha256:3d4dfa6d95f1b101d695a6160a7626e15583af71a5f52176efa5d39a054d475d"},
]

[package.extras]
docs = ["furo", "jaraco.packaging (>=9.3)", "jaraco.tidelift (>=1.4)", "pygments-github-lexers (==0.0.5)", "rst.linker (>=1.9)", "sphinx (>=3.5,<=7.1.2)", "sphinx-favicon", "sphinx-hoverxref (<2)", "sphinx-inline-tabs", "sphinx-lint", "sphinx-notfound-page (==0.8.3)", "sphinx-reredirects", "sphinxcontrib-towncrier"]
testing = ["build[virtualenv]", "filelock (>=3.4.0)", "flake8-2020", "ini2toml[lite] (>=0.9)", "jaraco.develop (>=7.21)", "jaraco.envs (>=2.2)", "jaraco.path (>=3.2.0)", "pip (>=19.1)", "pytest (>=6)", "pytest-black (>=0.3.7)", "pytest-checkdocs (>=2.4)", "pytest-cov", "pytest-enabler (>=2.2)", "pytest-mypy (>=0.9.1)", "pytest-perf", "pytest-ruff", "pytest-timeout", "pytest-xdist", "tomli-w (>=1.0.0)", "virtualenv (>=13.0.0)", "wheel"]
testing-integration = ["build[virtualenv]", "filelock (>=3.4.0)", "jaraco.envs (>=2.2)", "jaraco.path (>=3.2.0)", "pytest", "pytest-enabler", "pytest-xdist", "tomli", "virtualenv (>=13.0.0)", "wheel"]

[[package]]
name = "snowballstemmer"
version = "2.2.0"
description = "This package provides 29 stemmers for 28 languages generated from Snowball algorithms."
optional = false
python-versions = "*"
files = [
    {file = "snowballstemmer-2.2.0-py2.py3-none-any.whl", hash = "sha256:c8e1716e83cc398ae16824e5572ae04e0d9fc2c6b985fb0f900f5f0c96ecba1a"},
    {file = "snowballstemmer-2.2.0.tar.gz", hash = "sha256:09b16deb8547d3412ad7b590689584cd0fe25ec8db3be37788be3810cbf19cb1"},
]

[[package]]
name = "virtualenv"
version = "20.24.3"
description = "Virtual Python Environment builder"
optional = false
python-versions = ">=3.7"
files = [
    {file = "virtualenv-20.24.3-py3-none-any.whl", hash = "sha256:95a6e9398b4967fbcb5fef2acec5efaf9aa4972049d9ae41f95e0972a683fd02"},
    {file = "virtualenv-20.24.3.tar.gz", hash = "sha256:e5c3b4ce817b0b328af041506a2a299418c98747c4b1e68cb7527e74ced23efc"},
]

[package.dependencies]
distlib = ">=0.3.7,<1"
filelock = ">=3.12.2,<4"
platformdirs = ">=3.9.1,<4"

[package.extras]
docs = ["furo (>=2023.5.20)", "proselint (>=0.13)", "sphinx (>=7.0.1)", "sphinx-argparse (>=0.4)", "sphinxcontrib-towncrier (>=0.2.1a0)", "towncrier (>=23.6)"]
test = ["covdefaults (>=2.3)", "coverage (>=7.2.7)", "coverage-enable-subprocess (>=1)", "flaky (>=3.7)", "packaging (>=23.1)", "pytest (>=7.4)", "pytest-env (>=0.8.2)", "pytest-freezer (>=0.4.8)", "pytest-mock (>=3.11.1)", "pytest-randomly (>=3.12)", "pytest-timeout (>=2.1)", "setuptools (>=68)", "time-machine (>=2.10)"]

[metadata]
lock-version = "2.0"
python-versions = "^3.11"
content-hash = "72c609a137446c3b514117e255a4cc4f420cfe349460eb5fbf164359d74e7281"
